
Microsoft Visual Studio Solution File, Format Version 12.00
# Visual Studio Version 17
VisualStudioVersion = 17.2.32505.173
MinimumVisualStudioVersion = 10.0.40219.1
Project("{FAE04EC0-301F-11D3-BF4B-00C04F79EFBC}") = "9_BurgerPlus", "9_BurgerPlus.csproj", "{7D48A25C-CD1A-48AB-BCDD-B844809BD319}"
EndProject
Global
	GlobalSection(SolutionConfigurationPlatforms) = preSolution
		Debug|Any CPU = Debug|Any CPU
		Release|Any CPU = Release|Any CPU
	EndGlobalSection
	GlobalSection(ProjectConfigurationPlatforms) = postSolution
		{7D48A25C-CD1A-48AB-BCDD-B844809BD319}.Debug|Any CPU.ActiveCfg = Debug|Any CPU
		{7D48A25C-CD1A-48AB-BCDD-B844809BD319}.Debug|Any CPU.Build.0 = Debug|Any CPU
		{7D48A25C-CD1A-48AB-BCDD-B844809BD319}.Release|Any CPU.ActiveCfg = Release|Any CPU
		{7D48A25C-CD1A-48AB-BCDD-B844809BD319}.Release|Any CPU.Build.0 = Release|Any CPU
	EndGlobalSection
	GlobalSection(SolutionProperties) = preSolution
		HideSolutionNode = FALSE
	EndGlobalSection
	GlobalSection(ExtensibilityGlobals) = postSolution
		SolutionGuid = {C6C820FB-D895-46BB-A2D9-A62261DA2A3B}
	EndGlobalSection
EndGlobal
